
Microsoft Visual Studio Solution File, Format Version 12.00
# Visual Studio Version 17
VisualStudioVersion = 17.11.35327.3
MinimumVisualStudioVersion = 10.0.40219.1
Project("{FAE04EC0-301F-11D3-BF4B-00C04F79EFBC}") = "CCAD16_Assignment2_1_3", "CCAD16_Assignment2_1_3.csproj", "{A671FB20-353E-46C1-9CB0-F2C4E49798B6}"
EndProject
Global
	GlobalSection(SolutionConfigurationPlatforms) = preSolution
		Debug|Any CPU = Debug|Any CPU
		Release|Any CPU = Release|Any CPU
	EndGlobalSection
	GlobalSection(ProjectConfigurationPlatforms) = postSolution
		{A671FB20-353E-46C1-9CB0-F2C4E49798B6}.Debug|Any CPU.ActiveCfg = Debug|Any CPU
		{A671FB20-353E-46C1-9CB0-F2C4E49798B6}.Debug|Any CPU.Build.0 = Debug|Any CPU
		{A671FB20-353E-46C1-9CB0-F2C4E49798B6}.Release|Any CPU.ActiveCfg = Release|Any CPU
		{A671FB20-353E-46C1-9CB0-F2C4E49798B6}.Release|Any CPU.Build.0 = Release|Any CPU
	EndGlobalSection
	GlobalSection(SolutionProperties) = preSolution
		HideSolutionNode = FALSE
	EndGlobalSection
	GlobalSection(ExtensibilityGlobals) = postSolution
		SolutionGuid = {697978EA-6070-4C44-9331-CCF6465B93AE}
	EndGlobalSection
EndGlobal
